
Microsoft Visual Studio Solution File, Format Version 12.00
# Visual Studio 15
VisualStudioVersion = 15.0.28307.329
MinimumVisualStudioVersion = 10.0.40219.1
Project("{FAE04EC0-301F-11D3-BF4B-00C04F79EFBC}") = "Develop.API", "Develop.API\Develop.API.csproj", "{302149A3-F632-42B2-B3B7-936689F5A3CD}"
EndProject
Project("{FAE04EC0-301F-11D3-BF4B-00C04F79EFBC}") = "Develop.Data", "Develop.Data\Develop.Data.csproj", "{7EA7FDC4-6567-44E6-831B-93F705E8C679}"
EndProject
Project("{FAE04EC0-301F-11D3-BF4B-00C04F79EFBC}") = "Bussiness.Layer", "Bussiness.Layer\Bussiness.Layer.csproj", "{1C1D2422-761B-43C2-B099-5A39B558459E}"
EndProject
Project("{FAE04EC0-301F-11D3-BF4B-00C04F79EFBC}") = "Common.Lib", "Common.Lib\Common.Lib.csproj", "{824D27EC-D23F-4592-A86E-DCE37F7C9BB8}"
EndProject
Project("{FAE04EC0-301F-11D3-BF4B-00C04F79EFBC}") = "Develop.Model", "Develop.Model\Develop.Model.csproj", "{A059DB54-BA6D-4F58-AB46-E3D291BCC384}"
EndProject
Project("{FAE04EC0-301F-11D3-BF4B-00C04F79EFBC}") = "Develop.Web", "Develop.Web\Develop.Web.csproj", "{2D9E1C83-F723-4D76-8E2F-3773D0DA3E6C}"
EndProject
Global
	GlobalSection(SolutionConfigurationPlatforms) = preSolution
		Debug|Any CPU = Debug|Any CPU
		Release|Any CPU = Release|Any CPU
	EndGlobalSection
	GlobalSection(ProjectConfigurationPlatforms) = postSolution
		{302149A3-F632-42B2-B3B7-936689F5A3CD}.Debug|Any CPU.ActiveCfg = Debug|Any CPU
		{302149A3-F632-42B2-B3B7-936689F5A3CD}.Debug|Any CPU.Build.0 = Debug|Any CPU
		{302149A3-F632-42B2-B3B7-936689F5A3CD}.Release|Any CPU.ActiveCfg = Release|Any CPU
		{302149A3-F632-42B2-B3B7-936689F5A3CD}.Release|Any CPU.Build.0 = Release|Any CPU
		{7EA7FDC4-6567-44E6-831B-93F705E8C679}.Debug|Any CPU.ActiveCfg = Debug|Any CPU
		{7EA7FDC4-6567-44E6-831B-93F705E8C679}.Debug|Any CPU.Build.0 = Debug|Any CPU
		{7EA7FDC4-6567-44E6-831B-93F705E8C679}.Release|Any CPU.ActiveCfg = Release|Any CPU
		{7EA7FDC4-6567-44E6-831B-93F705E8C679}.Release|Any CPU.Build.0 = Release|Any CPU
		{1C1D2422-761B-43C2-B099-5A39B558459E}.Debug|Any CPU.ActiveCfg = Debug|Any CPU
		{1C1D2422-761B-43C2-B099-5A39B558459E}.Debug|Any CPU.Build.0 = Debug|Any CPU
		{1C1D2422-761B-43C2-B099-5A39B558459E}.Release|Any CPU.ActiveCfg = Release|Any CPU
		{1C1D2422-761B-43C2-B099-5A39B558459E}.Release|Any CPU.Build.0 = Release|Any CPU
		{824D27EC-D23F-4592-A86E-DCE37F7C9BB8}.Debug|Any CPU.ActiveCfg = Debug|Any CPU
		{824D27EC-D23F-4592-A86E-DCE37F7C9BB8}.Debug|Any CPU.Build.0 = Debug|Any CPU
		{824D27EC-D23F-4592-A86E-DCE37F7C9BB8}.Release|Any CPU.ActiveCfg = Release|Any CPU
		{824D27EC-D23F-4592-A86E-DCE37F7C9BB8}.Release|Any CPU.Build.0 = Release|Any CPU
		{A059DB54-BA6D-4F58-AB46-E3D291BCC384}.Debug|Any CPU.ActiveCfg = Debug|Any CPU
		{A059DB54-BA6D-4F58-AB46-E3D291BCC384}.Debug|Any CPU.Build.0 = Debug|Any CPU
		{A059DB54-BA6D-4F58-AB46-E3D291BCC384}.Release|Any CPU.ActiveCfg = Release|Any CPU
		{A059DB54-BA6D-4F58-AB46-E3D291BCC384}.Release|Any CPU.Build.0 = Release|Any CPU
		{2D9E1C83-F723-4D76-8E2F-3773D0DA3E6C}.Debug|Any CPU.ActiveCfg = Debug|Any CPU
		{2D9E1C83-F723-4D76-8E2F-3773D0DA3E6C}.Debug|Any CPU.Build.0 = Debug|Any CPU
		{2D9E1C83-F723-4D76-8E2F-3773D0DA3E6C}.Release|Any CPU.ActiveCfg = Release|Any CPU
		{2D9E1C83-F723-4D76-8E2F-3773D0DA3E6C}.Release|Any CPU.Build.0 = Release|Any CPU
	EndGlobalSection
	GlobalSection(SolutionProperties) = preSolution
		HideSolutionNode = FALSE
	EndGlobalSection
	GlobalSection(ExtensibilityGlobals) = postSolution
		SolutionGuid = {84FB6130-E50C-45A6-923D-ECC2E5685F72}
	EndGlobalSection
EndGlobal
